
Microsoft Visual Studio Solution File, Format Version 12.00
# Visual Studio Version 16
VisualStudioVersion = 16.0.30320.27
MinimumVisualStudioVersion = 10.0.40219.1
Project("{FAE04EC0-301F-11D3-BF4B-00C04F79EFBC}") = "AreaCirculo", "AreaCirculo\AreaCirculo.csproj", "{E7B62438-ECF9-43CC-9740-D1FF645EAD5B}"
EndProject
Global
	GlobalSection(SolutionConfigurationPlatforms) = preSolution
		Debug|Any CPU = Debug|Any CPU
		Release|Any CPU = Release|Any CPU
	EndGlobalSection
	GlobalSection(ProjectConfigurationPlatforms) = postSolution
		{E7B62438-ECF9-43CC-9740-D1FF645EAD5B}.Debug|Any CPU.ActiveCfg = Debug|Any CPU
		{E7B62438-ECF9-43CC-9740-D1FF645EAD5B}.Debug|Any CPU.Build.0 = Debug|Any CPU
		{E7B62438-ECF9-43CC-9740-D1FF645EAD5B}.Release|Any CPU.ActiveCfg = Release|Any CPU
		{E7B62438-ECF9-43CC-9740-D1FF645EAD5B}.Release|Any CPU.Build.0 = Release|Any CPU
	EndGlobalSection
	GlobalSection(SolutionProperties) = preSolution
		HideSolutionNode = FALSE
	EndGlobalSection
	GlobalSection(ExtensibilityGlobals) = postSolution
		SolutionGuid = {3DBF3862-776D-4864-A194-2E10EBE3D91E}
	EndGlobalSection
EndGlobal
